<?xml version="1.0" encoding="UTF-8"?>
<Scheme
   LastUpgradeVersion = "1430"
   version = "1.7">
   <BuildAction
      parallelizeBuildables = "YES"
      buildImplicitDependencies = "YES"
      runPostActionsOnFailure = "NO">
      <BuildActionEntries>
         <BuildActionEntry
            buildForTesting = "YES"
            buildForRunning = "YES"
            buildForProfiling = "YES"
            buildForArchiving = "YES"
            buildForAnalyzing = "YES">
            <BuildableReference
               BuildableIdentifier = "primary"
               BlueprintIdentifier = "BDCE4BBF57E92D65919D76D1"
               BuildableName = "Flux.app"
               BlueprintName = "Flux"
               ReferencedContainer = "container:Flux.xcodeproj">
            </BuildableReference>
         </BuildActionEntry>
      </BuildActionEntries>
   </BuildAction>
   <TestAction
      buildConfiguration = "Debug"
      selectedDebuggerIdentifier = "Xcode.DebuggerFoundation.Debugger.LLDB"
      selectedLauncherIdentifier = "Xcode.DebuggerFoundation.Launcher.LLDB"
      shouldUseLaunchSchemeArgsEnv = "YES"
      onlyGenerateCoverageForSpecifiedTargets = "NO">
      <MacroExpansion>
         <BuildableReference
            BuildableIdentifier = "primary"
            BlueprintIdentifier = "BDCE4BBF57E92D65919D76D1"
            BuildableName = "Flux.app"
            BlueprintName = "Flux"
            ReferencedContainer = "container:Flux.xcodeproj">
         </BuildableReference>
      </MacroExpansion>
      <Testables>
         <TestableReference
            skipped = "NO"
            parallelizable = "NO">
            <BuildableReference
               BuildableIdentifier = "primary"
               BlueprintIdentifier = "4C120666FA1BE646F8E1AB97"
               BuildableName = "FluxProtoTests.xctest"
               BlueprintName = "FluxProtoTests"
               ReferencedContainer = "container:Flux.xcodeproj">
            </BuildableReference>
         </TestableReference>
         <TestableReference
            skipped = "NO"
            parallelizable = "NO">
            <BuildableReference
               BuildableIdentifier = "primary"
               BlueprintIdentifier = "A3FBC98844F4093FFF9262DB"
               BuildableName = "FluxNetTests.xctest"
               BlueprintName = "FluxNetTests"
               ReferencedContainer = "container:Flux.xcodeproj">
            </BuildableReference>
         </TestableReference>
         <TestableReference
            skipped = "NO"
            parallelizable = "NO">
            <BuildableReference
               BuildableIdentifier = "primary"
               BlueprintIdentifier = "1FCA7B29EFA2E0803E6FDF1C"
               BuildableName = "FluxCoreTests.xctest"
               BlueprintName = "FluxCoreTests"
               ReferencedContainer = "container:Flux.xcodeproj">
            </BuildableReference>
         </TestableReference>
         <TestableReference
            skipped = "NO"
            parallelizable = "NO">
            <BuildableReference
               BuildableIdentifier = "primary"
               BlueprintIdentifier = "2F9EB4767184A9ECFF656052"
               BuildableName = "FluxFeaturesTests.xctest"
               BlueprintName = "FluxFeaturesTests"
               ReferencedContainer = "container:Flux.xcodeproj">
            </BuildableReference>
         </TestableReference>
         <TestableReference
            skipped = "NO"
            parallelizable = "NO">
            <BuildableReference
               BuildableIdentifier = "primary"
               BlueprintIdentifier = "BDAD9D0F6B97AD910BF5CF89"
               BuildableName = "FluxApproveTests.xctest"
               BlueprintName = "FluxApproveTests"
               ReferencedContainer = "container:Flux.xcodeproj">
            </BuildableReference>
         </TestableReference>
         <TestableReference
            skipped = "NO"
            parallelizable = "NO">
            <BuildableReference
               BuildableIdentifier = "primary"
               BlueprintIdentifier = "2A38596C6B3D6EF6E3DA3B69"
               BuildableName = "FluxCameraTests.xctest"
               BlueprintName = "FluxCameraTests"
               ReferencedContainer = "container:Flux.xcodeproj">
            </BuildableReference>
         </TestableReference>
         <TestableReference
            skipped = "NO"
            parallelizable = "NO">
            <BuildableReference
               BuildableIdentifier = "primary"
               BlueprintIdentifier = "90C2ECCA2874C4CEAF6EA47E"
               BuildableName = "FluxStreamTests.xctest"
               BlueprintName = "FluxStreamTests"
               ReferencedContainer = "container:Flux.xcodeproj">
            </BuildableReference>
         </TestableReference>
         <TestableReference
            skipped = "NO"
            parallelizable = "NO">
            <BuildableReference
               BuildableIdentifier = "primary"
               BlueprintIdentifier = "BE0FDE85C403D18F4827167E"
               BuildableName = "FluxUITests.xctest"
               BlueprintName = "FluxUITests"
               ReferencedContainer = "container:Flux.xcodeproj">
            </BuildableReference>
         </TestableReference>
      </Testables>
      <CommandLineArguments>
      </CommandLineArguments>
   </TestAction>
   <LaunchAction
      buildConfiguration = "Debug"
      selectedDebuggerIdentifier = "Xcode.DebuggerFoundation.Debugger.LLDB"
      selectedLauncherIdentifier = "Xcode.DebuggerFoundation.Launcher.LLDB"
      launchStyle = "0"
      useCustomWorkingDirectory = "NO"
      ignoresPersistentStateOnLaunch = "NO"
      debugDocumentVersioning = "YES"
      debugServiceExtension = "internal"
      allowLocationSimulation = "YES">
      <BuildableProductRunnable
         runnableDebuggingMode = "0">
         <BuildableReference
            BuildableIdentifier = "primary"
            BlueprintIdentifier = "BDCE4BBF57E92D65919D76D1"
            BuildableName = "Flux.app"
            BlueprintName = "Flux"
            ReferencedContainer = "container:Flux.xcodeproj">
         </BuildableReference>
      </BuildableProductRunnable>
      <CommandLineArguments>
      </CommandLineArguments>
   </LaunchAction>
   <ProfileAction
      buildConfiguration = "Release"
      shouldUseLaunchSchemeArgsEnv = "YES"
      savedToolIdentifier = ""
      useCustomWorkingDirectory = "NO"
      debugDocumentVersioning = "YES">
      <BuildableProductRunnable
         runnableDebuggingMode = "0">
         <BuildableReference
            BuildableIdentifier = "primary"
            BlueprintIdentifier = "BDCE4BBF57E92D65919D76D1"
            BuildableName = "Flux.app"
            BlueprintName = "Flux"
            ReferencedContainer = "container:Flux.xcodeproj">
         </BuildableReference>
      </BuildableProductRunnable>
   </ProfileAction>
   <AnalyzeAction
      buildConfiguration = "Debug">
   </AnalyzeAction>
   <ArchiveAction
      buildConfiguration = "Release"
      revealArchiveInOrganizer = "YES">
   </ArchiveAction>
</Scheme>
